{
  "nodes": {
    "autofirma-src": {
      "flake": false,
      "locked": {
        "lastModified": 1716805628,
        "narHash": "sha256-GQyj3QuWIHTkYwdJ4oKVsG923YG9mCUXfhqdIvEWNMA=",
        "owner": "ctt-gob-es",
        "repo": "clienteafirma",
        "rev": "f8888062394a4ca41c5802beb2524597a5ce465a",
        "type": "github"
      },
      "original": {
        "owner": "ctt-gob-es",
        "ref": "v1.8.3",
        "repo": "clienteafirma",
        "type": "github"
      }
    },
    "clienteafirma-external-src": {
      "flake": false,
      "locked": {
        "lastModified": 1712248159,
        "narHash": "sha256-iS3I6zIxuKG133s/FqDlXZzOZ2ZOJcqZK9X6Tv3+3lc=",
        "owner": "ctt-gob-es",
        "repo": "clienteafirma-external",
        "rev": "f450ac76094ffe387f6590b9ac61b5ada5a501e7",
        "type": "github"
      },
      "original": {
        "owner": "ctt-gob-es",
        "ref": "OT_14395",
        "repo": "clienteafirma-external",
        "type": "github"
      }
    },
    "flake-parts": {
      "inputs": {
        "nixpkgs-lib": "nixpkgs-lib"
      },
      "locked": {
        "lastModified": 1719994518,
        "narHash": "sha256-pQMhCCHyQGRzdfAkdJ4cIWiw+JNuWsTX7f0ZYSyz0VY=",
        "owner": "hercules-ci",
        "repo": "flake-parts",
        "rev": "9227223f6d922fee3c7b190b2cc238a99527bbb7",
        "type": "github"
      },
      "original": {
        "owner": "hercules-ci",
        "repo": "flake-parts",
        "type": "github"
      }
    },
    "jmulticard-src": {
      "flake": false,
      "locked": {
        "lastModified": 1686816513,
        "narHash": "sha256-sCqMK4FvwRHsGIB6iQVyqrx0+EDiUfQSAsPqmDq2Giw=",
        "owner": "ctt-gob-es",
        "repo": "jmulticard",
        "rev": "9983fc690f3b68dc2c8fde19db269766cf0fb387",
        "type": "github"
      },
      "original": {
        "owner": "ctt-gob-es",
        "ref": "v1.8",
        "repo": "jmulticard",
        "type": "github"
      }
    },
    "nixpkgs": {
      "locked": {
        "lastModified": 1734323986,
        "narHash": "sha256-m/lh6hYMIWDYHCAsn81CDAiXoT3gmxXI9J987W5tZrE=",
        "owner": "NixOS",
        "repo": "nixpkgs",
        "rev": "394571358ce82dff7411395829aa6a3aad45b907",
        "type": "github"
      },
      "original": {
        "owner": "NixOS",
        "ref": "nixos-24.11",
        "repo": "nixpkgs",
        "type": "github"
      }
    },
    "nixpkgs-lib": {
      "locked": {
        "lastModified": 1719876945,
        "narHash": "sha256-Fm2rDDs86sHy0/1jxTOKB1118Q0O3Uc7EC0iXvXKpbI=",
        "type": "tarball",
        "url": "https://github.com/NixOS/nixpkgs/archive/5daf0514482af3f97abaefc78a6606365c9108e2.tar.gz"
      },
      "original": {
        "type": "tarball",
        "url": "https://github.com/NixOS/nixpkgs/archive/5daf0514482af3f97abaefc78a6606365c9108e2.tar.gz"
      }
    },
    "root": {
      "inputs": {
        "autofirma-src": "autofirma-src",
        "clienteafirma-external-src": "clienteafirma-external-src",
        "flake-parts": "flake-parts",
        "jmulticard-src": "jmulticard-src",
        "nixpkgs": "nixpkgs"
      }
    }
  },
  "root": "root",
  "version": 7
}
